<?xml version="1.0" encoding="utf-8"?>
<Project ToolsVersion="4.0" xmlns="http://schemas.microsoft.com/developer/msbuild/2003">
  <ItemGroup>
    <Filter Include="Resource Files">
      <UniqueIdentifier>{67DA6AB6-F800-4c08-8B7A-83BB121AAD01}</UniqueIdentifier>
      <Extensions>rc;ico;cur;bmp;dlg;rc2;rct;bin;rgs;gif;jpg;jpeg;jpe;resx;tiff;tif;png;wav;mfcribbon-ms</Extensions>
    </Filter>
  </ItemGroup>
  <ItemGroup>
    <ClInclude Include="src\core\input_manager.h" />
    <ClInclude Include="src\core\application.h" />
    <ClInclude Include="src\sim_matrix.h" />
    <ClInclude Include="src\particles\material.h" />
    <ClInclude Include="src\simulation.h" />
    <ClInclude Include="src\particles\particle.h" />
    <ClInclude Include="src\particles\solid\solid_particle.h" />
    <ClInclude Include="src\particles\solid\movable\movable_solid_particle.h" />
    <ClInclude Include="src\particles\solid\movable\sand.h" />
    <ClInclude Include="src\particles\gas\air.h" />
    <ClInclude Include="src\particles\gas\gas_particle.h" />
    <ClInclude Include="src\rendering\window.h" />
    <ClInclude Include="src\particles\solid\immovable\immovable_solid_particle.h" />
    <ClInclude Include="src\particles\solid\immovable\border_rock.h" />
    <ClInclude Include="src\brush.h" />
    <ClInclude Include="src\core\utils.h" />
    <ClInclude Include="src\particles\liquid\liquid_particle.h" />
    <ClInclude Include="src\particles\liquid\water.h" />
    <ClInclude Include="src\particles.h" />
    <ClInclude Include="src\core\random.h" />
    <ClInclude Include="src\core\xoshiro128p.h" />
    <ClInclude Include="src\particle_creator.h" />
    <ClInclude Include="src\globals.h" />
    <ClInclude Include="src\particles\solid\immovable\stone.h" />
    <ClInclude Include="src\rendering\shader.h" />
    <ClInclude Include="src\rendering\mesh.h" />
    <ClInclude Include="src\rendering\vertex.h" />
    <ClInclude Include="src\rendering\texture.h" />
    <ClInclude Include="src\core\chunk.h" />
  </ItemGroup>
  <ItemGroup>
    <ClCompile Include="src\core\input_manager.cpp" />
    <ClCompile Include="src\glad.c" />
    <ClCompile Include="src\main.cpp" />
    <ClCompile Include="src\rendering\window.cpp" />
    <ClCompile Include="src\core\application.cpp" />
    <ClCompile Include="src\sim_matrix.cpp" />
    <ClCompile Include="src\simulation.cpp" />
    <ClCompile Include="src\particles\particle.cpp" />
    <ClCompile Include="src\particles\solid\solid_particle.cpp" />
    <ClCompile Include="src\particles\solid\movable\movable_solid_particle.cpp" />
    <ClCompile Include="src\particles\solid\movable\sand.cpp" />
    <ClCompile Include="src\particles\gas\air.cpp" />
    <ClCompile Include="src\particles\gas\gas_particle.cpp" />
    <ClCompile Include="src\particles\solid\immovable\immovable_solid_particle.cpp" />
    <ClCompile Include="src\particles\solid\immovable\border_rock.cpp" />
    <ClCompile Include="src\brush.cpp" />
    <ClCompile Include="src\core\utils.cpp" />
    <ClCompile Include="src\particles\liquid\liquid_particle.cpp" />
    <ClCompile Include="src\particles\liquid\water.cpp" />
    <ClCompile Include="src\core\random.cpp" />
    <ClCompile Include="src\particle_creator.cpp" />
    <ClCompile Include="src\particles\solid\immovable\stone.cpp" />
    <ClCompile Include="src\rendering\shader.cpp" />
    <ClCompile Include="src\rendering\mesh.cpp" />
    <ClCompile Include="src\rendering\texture.cpp" />
    <ClCompile Include="src\rendering\vertex.cpp" />
    <ClCompile Include="src\core\chunk.cpp" />
  </ItemGroup>
  <ItemGroup>
    <None Include="res\shaders\basic.shader" />
  </ItemGroup>
</Project>