<?xml version="1.0" encoding="utf-8"?>
<Project ToolsVersion="4.0" xmlns="http://schemas.microsoft.com/developer/msbuild/2003">
  <ItemGroup>
    <Filter Include="Resource Files">
      <UniqueIdentifier>{67DA6AB6-F800-4c08-8B7A-83BB121AAD01}</UniqueIdentifier>
      <Extensions>rc;ico;cur;bmp;dlg;rc2;rct;bin;rgs;gif;jpg;jpeg;jpe;resx;tiff;tif;png;wav;mfcribbon-ms</Extensions>
    </Filter>
  </ItemGroup>
  <ItemGroup>
    <ClInclude Include="src\event_manager.h" />
    <ClInclude Include="src\application.h" />
    <ClInclude Include="src\sim_matrix.h" />
    <ClInclude Include="src\particles\element_type.h" />
    <ClInclude Include="src\simulation.h" />
    <ClInclude Include="src\particles\particle.h" />
    <ClInclude Include="src\particles\solid_particle.h" />
    <ClInclude Include="src\particles\movable_solid_particle.h" />
    <ClInclude Include="src\particles\solid\movable\sand.h" />
    <ClInclude Include="src\particles\gas\air.h" />
    <ClInclude Include="src\particles\gas_particle.h" />
    <ClInclude Include="src\window.h" />
    <ClInclude Include="src\particles\immovable_solid_particle.h" />
    <ClInclude Include="src\particles\solid\immovable\border_rock.h" />
  </ItemGroup>
  <ItemGroup>
    <ClCompile Include="src\event_manager.cpp" />
    <ClCompile Include="src\glad.c" />
    <ClCompile Include="src\main.cpp" />
    <ClCompile Include="src\window.cpp" />
    <ClCompile Include="src\application.cpp" />
    <ClCompile Include="src\sim_matrix.cpp" />
    <ClCompile Include="src\simulation.cpp" />
    <ClCompile Include="src\particles\particle.cpp" />
    <ClCompile Include="src\particles\solid_particle.cpp" />
    <ClCompile Include="src\particles\movable_solid_particle.cpp" />
    <ClCompile Include="src\particles\solid\movable\sand.cpp" />
    <ClCompile Include="src\particles\gas\air.cpp" />
    <ClCompile Include="src\particles\gas_particle.cpp" />
    <ClCompile Include="src\particles\immovable_solid_particle.cpp" />
    <ClCompile Include="src\particles\solid\immovable\border_rock.cpp" />
  </ItemGroup>
  <ItemGroup>
    <None Include="res\shaders\basic.shader" />
  </ItemGroup>
</Project>